<Solution>
    <Folder Name="/Tests/">
        <Project Path="Tests/Services.Tests/Services.Tests.csproj" />
    </Folder>
    <Project Path="Backend/Backend.csproj" />
    <Project Path="Services/Services.csproj" />
    <Project Path="Shared/Shared.csproj" />
    <Project Path="CLI/CLI.csproj" />
</Solution>
